
Microsoft Visual Studio Solution File, Format Version 12.00
# Visual Studio Version 16
VisualStudioVersion = 16.0.34114.132
MinimumVisualStudioVersion = 10.0.40219.1
Project("{9A19103F-16F7-4668-BE54-9A1E7A4F7556}") = "CharacterNexus", "CharacterNexus\CharacterNexus.csproj", "{A09F35DE-5165-45CF-910B-CAD5F9D9D306}"
EndProject
Project("{9A19103F-16F7-4668-BE54-9A1E7A4F7556}") = "Ruleset.EverydayHeroes", "Ruleset.EverydayHeroes\Ruleset.EverydayHeroes.csproj", "{90E7AA32-65EF-48FB-A83A-FD991574779C}"
EndProject
Project("{9A19103F-16F7-4668-BE54-9A1E7A4F7556}") = "Ruleset.Transformers", "Ruleset.Transformers\Ruleset.Transformers.csproj", "{8D097528-7595-4E64-A4BE-9FE84FC8782D}"
EndProject
Project("{9A19103F-16F7-4668-BE54-9A1E7A4F7556}") = "Ruleset.Starfinder", "Ruleset.Starfinder\Ruleset.Starfinder.csproj", "{2029F081-808B-4DB5-B86C-408188B22D51}"
EndProject
Project("{9A19103F-16F7-4668-BE54-9A1E7A4F7556}") = "Utility", "Utility\Utility.csproj", "{665F50DD-8573-4CCC-ACD7-C7B8B2ADA518}"
EndProject
Project("{9A19103F-16F7-4668-BE54-9A1E7A4F7556}") = "Ruleset.VampireTheMasquerade", "Ruleset.VampireTheMasquerade\Ruleset.VampireTheMasquerade.csproj", "{975B6981-8AFB-4FF2-9642-9320C21D0E53}"
EndProject
Project("{9A19103F-16F7-4668-BE54-9A1E7A4F7556}") = "Ruleset.WerewolfTheApocalypse", "Ruleset.WerewolfTheApocalypse\Ruleset.WerewolfTheApocalypse.csproj", "{0561A7B0-3A73-4C28-9ED1-163662898D24}"
EndProject
Project("{9A19103F-16F7-4668-BE54-9A1E7A4F7556}") = "Ruleset.GiJoe", "Ruleset.GiJoe\Ruleset.GiJoe.csproj", "{74200D84-8F22-4707-8649-EF88DFCFFE67}"
EndProject
Project("{9A19103F-16F7-4668-BE54-9A1E7A4F7556}") = "Ruleset.AmazingTales", "Ruleset.AmazingTales\Ruleset.AmazingTales.csproj", "{A49B217B-6C3B-4C30-95CE-81F979D5BCD6}"
EndProject
Project("{9A19103F-16F7-4668-BE54-9A1E7A4F7556}") = "Storage.AzureBlobStorage", "Storage.AzureBlobStorage\Storage.AzureBlobStorage.csproj", "{4D50F444-40D3-4956-8B1A-16743D56C1A4}"
EndProject
Project("{FAE04EC0-301F-11D3-BF4B-00C04F79EFBC}") = "SchemaGenerator", "SchemaGenerator\SchemaGenerator.csproj", "{9AAC1311-471B-43AD-8F67-71DB9F144F17}"
EndProject
Project("{FAE04EC0-301F-11D3-BF4B-00C04F79EFBC}") = "Ruleset.Marvel", "Ruleset.Marvel\Ruleset.Marvel.csproj", "{859D0B3B-E411-4D08-9A54-DE8888F0B9AF}"
EndProject
Project("{FAE04EC0-301F-11D3-BF4B-00C04F79EFBC}") = "Ruleset.Fallout", "Ruleset.Fallout\Ruleset.Fallout.csproj", "{1BA31497-B4C0-4AAC-A8A3-3A9D99772855}"
EndProject
Project("{FAE04EC0-301F-11D3-BF4B-00C04F79EFBC}") = "Ruleset.Template", "Ruleset.Template\Ruleset.Template.csproj", "{6587B821-44DC-4472-B5F9-868762908A38}"
EndProject
Project("{FAE04EC0-301F-11D3-BF4B-00C04F79EFBC}") = "Ruleset.DarkCrystal", "Ruleset.DarkCrystal\Ruleset.DarkCrystal.csproj", "{D7215B4B-9FA0-461C-BA89-4A0458A19A53}"
EndProject
Project("{FAE04EC0-301F-11D3-BF4B-00C04F79EFBC}") = "Ruleset.Alien", "Ruleset.Alien\Ruleset.Alien.csproj", "{B57A1197-CED9-4627-B29A-014DFA4FF367}"
EndProject
Project("{FAE04EC0-301F-11D3-BF4B-00C04F79EFBC}") = "Ruleset.BladeRunner", "Ruleset.BladeRunner\Ruleset.BladeRunner.csproj", "{EFFDE1FC-C78B-4037-9444-EF9268A78AA6}"
EndProject
Project("{FAE04EC0-301F-11D3-BF4B-00C04F79EFBC}") = "Ruleset.CallOfCthulhu", "Ruleset.CallOfCthulhu\Ruleset.CallOfCthulhu.csproj", "{DF6DEF50-39DA-4C62-8683-2F00086DB374}"
EndProject
Project("{FAE04EC0-301F-11D3-BF4B-00C04F79EFBC}") = "Ruleset.CyberpunkRed", "Ruleset.CyberpunkRed\Ruleset.CyberpunkRed.csproj", "{850C2F9F-7972-4B43-A053-86995941FF70}"
EndProject
Project("{FAE04EC0-301F-11D3-BF4B-00C04F79EFBC}") = "Ruleset.DeltaGreen", "Ruleset.DeltaGreen\Ruleset.DeltaGreen.csproj", "{4A18E375-6A69-46C5-B775-69BEF307EC2B}"
EndProject
Project("{FAE04EC0-301F-11D3-BF4B-00C04F79EFBC}") = "Ruleset.DresdenFiles", "Ruleset.DresdenFiles\Ruleset.DresdenFiles.csproj", "{9F93C27F-96E1-4455-A1F1-1A3F1ABC0F41}"
EndProject
Project("{FAE04EC0-301F-11D3-BF4B-00C04F79EFBC}") = "Ruleset.Dune", "Ruleset.Dune\Ruleset.Dune.csproj", "{11E2CC4E-1CA9-4E54-8F7F-9DBB4607F01F}"
EndProject
Project("{FAE04EC0-301F-11D3-BF4B-00C04F79EFBC}") = "Ruleset.Ghostbusters", "Ruleset.Ghostbusters\Ruleset.Ghostbusters.csproj", "{A8B8A119-BF04-4D89-A450-2B94071E7F6E}"
EndProject
Project("{FAE04EC0-301F-11D3-BF4B-00C04F79EFBC}") = "Ruleset.HeroKids", "Ruleset.HeroKids\Ruleset.HeroKids.csproj", "{B5B33B52-9140-45B4-A974-3831F107538C}"
EndProject
Project("{FAE04EC0-301F-11D3-BF4B-00C04F79EFBC}") = "Ruleset.HunterTheReckoning", "Ruleset.HunterTheReckoning\Ruleset.HunterTheReckoning.csproj", "{C21499E0-82C1-4153-B809-043E4E9B660A}"
EndProject
Project("{FAE04EC0-301F-11D3-BF4B-00C04F79EFBC}") = "Ruleset.KidsOnBikes", "Ruleset.KidsOnBikes\Ruleset.KidsOnBikes.csproj", "{CE9EEC8F-534C-4411-8B46-471E422BBFE4}"
EndProject
Project("{FAE04EC0-301F-11D3-BF4B-00C04F79EFBC}") = "Ruleset.Labyrinth", "Ruleset.Labyrinth\Ruleset.Labyrinth.csproj", "{B7D25857-1460-4651-BACE-447EA8F3A023}"
EndProject
Project("{FAE04EC0-301F-11D3-BF4B-00C04F79EFBC}") = "Ruleset.Paranoia", "Ruleset.Paranoia\Ruleset.Paranoia.csproj", "{AFE80488-4105-4276-A10A-64D20C7F0DD5}"
EndProject
Project("{FAE04EC0-301F-11D3-BF4B-00C04F79EFBC}") = "Ruleset.Shadowrun", "Ruleset.Shadowrun\Ruleset.Shadowrun.csproj", "{F7C31762-F63B-4361-BDF4-3119B5E5CA91}"
EndProject
Project("{FAE04EC0-301F-11D3-BF4B-00C04F79EFBC}") = "Ruleset.StarTrek", "Ruleset.StarTrek\Ruleset.StarTrek.csproj", "{5847E05F-4BB6-4408-9A41-77FDD99AF079}"
EndProject
Project("{FAE04EC0-301F-11D3-BF4B-00C04F79EFBC}") = "Ruleset.TalesFromTheLoop", "Ruleset.TalesFromTheLoop\Ruleset.TalesFromTheLoop.csproj", "{7B7AD3E6-3072-4246-B22D-24179090D534}"
EndProject
Project("{FAE04EC0-301F-11D3-BF4B-00C04F79EFBC}") = "Ruleset.TMNT", "Ruleset.TMNT\Ruleset.TMNT.csproj", "{3213B442-AA49-48C4-B44C-1FFB9F391CE3}"
EndProject
Project("{FAE04EC0-301F-11D3-BF4B-00C04F79EFBC}") = "Ruleset.Toon", "Ruleset.Toon\Ruleset.Toon.csproj", "{14E8C814-651B-49E2-9EDF-19595AEE5D87}"
EndProject
Project("{FAE04EC0-301F-11D3-BF4B-00C04F79EFBC}") = "Ruleset.Traveller", "Ruleset.Traveller\Ruleset.Traveller.csproj", "{E65B06BA-3D2D-4E17-9353-CF3538C498A8}"
EndProject
Project("{FAE04EC0-301F-11D3-BF4B-00C04F79EFBC}") = "Ruleset.WorldWideWrestling", "Ruleset.WorldWideWrestling\Ruleset.WorldWideWrestling.csproj", "{51AE870F-12A4-40EC-8DFD-6FF839E82257}"
EndProject
Global
	GlobalSection(SolutionConfigurationPlatforms) = preSolution
		Debug|Any CPU = Debug|Any CPU
		Release|Any CPU = Release|Any CPU
	EndGlobalSection
	GlobalSection(ProjectConfigurationPlatforms) = postSolution
		{A09F35DE-5165-45CF-910B-CAD5F9D9D306}.Debug|Any CPU.ActiveCfg = Debug|Any CPU
		{A09F35DE-5165-45CF-910B-CAD5F9D9D306}.Debug|Any CPU.Build.0 = Debug|Any CPU
		{A09F35DE-5165-45CF-910B-CAD5F9D9D306}.Release|Any CPU.ActiveCfg = Release|Any CPU
		{A09F35DE-5165-45CF-910B-CAD5F9D9D306}.Release|Any CPU.Build.0 = Release|Any CPU
		{90E7AA32-65EF-48FB-A83A-FD991574779C}.Debug|Any CPU.ActiveCfg = Debug|Any CPU
		{90E7AA32-65EF-48FB-A83A-FD991574779C}.Debug|Any CPU.Build.0 = Debug|Any CPU
		{90E7AA32-65EF-48FB-A83A-FD991574779C}.Release|Any CPU.ActiveCfg = Release|Any CPU
		{90E7AA32-65EF-48FB-A83A-FD991574779C}.Release|Any CPU.Build.0 = Release|Any CPU
		{8D097528-7595-4E64-A4BE-9FE84FC8782D}.Debug|Any CPU.ActiveCfg = Debug|Any CPU
		{8D097528-7595-4E64-A4BE-9FE84FC8782D}.Debug|Any CPU.Build.0 = Debug|Any CPU
		{8D097528-7595-4E64-A4BE-9FE84FC8782D}.Release|Any CPU.ActiveCfg = Release|Any CPU
		{8D097528-7595-4E64-A4BE-9FE84FC8782D}.Release|Any CPU.Build.0 = Release|Any CPU
		{2029F081-808B-4DB5-B86C-408188B22D51}.Debug|Any CPU.ActiveCfg = Debug|Any CPU
		{2029F081-808B-4DB5-B86C-408188B22D51}.Debug|Any CPU.Build.0 = Debug|Any CPU
		{2029F081-808B-4DB5-B86C-408188B22D51}.Release|Any CPU.ActiveCfg = Release|Any CPU
		{2029F081-808B-4DB5-B86C-408188B22D51}.Release|Any CPU.Build.0 = Release|Any CPU
		{665F50DD-8573-4CCC-ACD7-C7B8B2ADA518}.Debug|Any CPU.ActiveCfg = Debug|Any CPU
		{665F50DD-8573-4CCC-ACD7-C7B8B2ADA518}.Debug|Any CPU.Build.0 = Debug|Any CPU
		{665F50DD-8573-4CCC-ACD7-C7B8B2ADA518}.Release|Any CPU.ActiveCfg = Release|Any CPU
		{665F50DD-8573-4CCC-ACD7-C7B8B2ADA518}.Release|Any CPU.Build.0 = Release|Any CPU
		{975B6981-8AFB-4FF2-9642-9320C21D0E53}.Debug|Any CPU.ActiveCfg = Debug|Any CPU
		{975B6981-8AFB-4FF2-9642-9320C21D0E53}.Debug|Any CPU.Build.0 = Debug|Any CPU
		{975B6981-8AFB-4FF2-9642-9320C21D0E53}.Release|Any CPU.ActiveCfg = Release|Any CPU
		{975B6981-8AFB-4FF2-9642-9320C21D0E53}.Release|Any CPU.Build.0 = Release|Any CPU
		{0561A7B0-3A73-4C28-9ED1-163662898D24}.Debug|Any CPU.ActiveCfg = Debug|Any CPU
		{0561A7B0-3A73-4C28-9ED1-163662898D24}.Debug|Any CPU.Build.0 = Debug|Any CPU
		{0561A7B0-3A73-4C28-9ED1-163662898D24}.Release|Any CPU.ActiveCfg = Release|Any CPU
		{0561A7B0-3A73-4C28-9ED1-163662898D24}.Release|Any CPU.Build.0 = Release|Any CPU
		{74200D84-8F22-4707-8649-EF88DFCFFE67}.Debug|Any CPU.ActiveCfg = Debug|Any CPU
		{74200D84-8F22-4707-8649-EF88DFCFFE67}.Debug|Any CPU.Build.0 = Debug|Any CPU
		{74200D84-8F22-4707-8649-EF88DFCFFE67}.Release|Any CPU.ActiveCfg = Release|Any CPU
		{74200D84-8F22-4707-8649-EF88DFCFFE67}.Release|Any CPU.Build.0 = Release|Any CPU
		{A49B217B-6C3B-4C30-95CE-81F979D5BCD6}.Debug|Any CPU.ActiveCfg = Debug|Any CPU
		{A49B217B-6C3B-4C30-95CE-81F979D5BCD6}.Debug|Any CPU.Build.0 = Debug|Any CPU
		{A49B217B-6C3B-4C30-95CE-81F979D5BCD6}.Release|Any CPU.ActiveCfg = Release|Any CPU
		{A49B217B-6C3B-4C30-95CE-81F979D5BCD6}.Release|Any CPU.Build.0 = Release|Any CPU
		{4D50F444-40D3-4956-8B1A-16743D56C1A4}.Debug|Any CPU.ActiveCfg = Debug|Any CPU
		{4D50F444-40D3-4956-8B1A-16743D56C1A4}.Debug|Any CPU.Build.0 = Debug|Any CPU
		{4D50F444-40D3-4956-8B1A-16743D56C1A4}.Release|Any CPU.ActiveCfg = Release|Any CPU
		{4D50F444-40D3-4956-8B1A-16743D56C1A4}.Release|Any CPU.Build.0 = Release|Any CPU
		{9AAC1311-471B-43AD-8F67-71DB9F144F17}.Debug|Any CPU.ActiveCfg = Debug|Any CPU
		{9AAC1311-471B-43AD-8F67-71DB9F144F17}.Debug|Any CPU.Build.0 = Debug|Any CPU
		{9AAC1311-471B-43AD-8F67-71DB9F144F17}.Release|Any CPU.ActiveCfg = Release|Any CPU
		{9AAC1311-471B-43AD-8F67-71DB9F144F17}.Release|Any CPU.Build.0 = Release|Any CPU
		{859D0B3B-E411-4D08-9A54-DE8888F0B9AF}.Debug|Any CPU.ActiveCfg = Debug|Any CPU
		{859D0B3B-E411-4D08-9A54-DE8888F0B9AF}.Debug|Any CPU.Build.0 = Debug|Any CPU
		{859D0B3B-E411-4D08-9A54-DE8888F0B9AF}.Release|Any CPU.ActiveCfg = Release|Any CPU
		{859D0B3B-E411-4D08-9A54-DE8888F0B9AF}.Release|Any CPU.Build.0 = Release|Any CPU
		{1BA31497-B4C0-4AAC-A8A3-3A9D99772855}.Debug|Any CPU.ActiveCfg = Debug|Any CPU
		{1BA31497-B4C0-4AAC-A8A3-3A9D99772855}.Debug|Any CPU.Build.0 = Debug|Any CPU
		{1BA31497-B4C0-4AAC-A8A3-3A9D99772855}.Release|Any CPU.ActiveCfg = Release|Any CPU
		{1BA31497-B4C0-4AAC-A8A3-3A9D99772855}.Release|Any CPU.Build.0 = Release|Any CPU
		{6587B821-44DC-4472-B5F9-868762908A38}.Debug|Any CPU.ActiveCfg = Debug|Any CPU
		{6587B821-44DC-4472-B5F9-868762908A38}.Debug|Any CPU.Build.0 = Debug|Any CPU
		{6587B821-44DC-4472-B5F9-868762908A38}.Release|Any CPU.ActiveCfg = Release|Any CPU
		{6587B821-44DC-4472-B5F9-868762908A38}.Release|Any CPU.Build.0 = Release|Any CPU
		{D7215B4B-9FA0-461C-BA89-4A0458A19A53}.Debug|Any CPU.ActiveCfg = Debug|Any CPU
		{D7215B4B-9FA0-461C-BA89-4A0458A19A53}.Debug|Any CPU.Build.0 = Debug|Any CPU
		{D7215B4B-9FA0-461C-BA89-4A0458A19A53}.Release|Any CPU.ActiveCfg = Release|Any CPU
		{D7215B4B-9FA0-461C-BA89-4A0458A19A53}.Release|Any CPU.Build.0 = Release|Any CPU
		{B57A1197-CED9-4627-B29A-014DFA4FF367}.Debug|Any CPU.ActiveCfg = Debug|Any CPU
		{B57A1197-CED9-4627-B29A-014DFA4FF367}.Debug|Any CPU.Build.0 = Debug|Any CPU
		{B57A1197-CED9-4627-B29A-014DFA4FF367}.Release|Any CPU.ActiveCfg = Release|Any CPU
		{B57A1197-CED9-4627-B29A-014DFA4FF367}.Release|Any CPU.Build.0 = Release|Any CPU
		{EFFDE1FC-C78B-4037-9444-EF9268A78AA6}.Debug|Any CPU.ActiveCfg = Debug|Any CPU
		{EFFDE1FC-C78B-4037-9444-EF9268A78AA6}.Debug|Any CPU.Build.0 = Debug|Any CPU
		{EFFDE1FC-C78B-4037-9444-EF9268A78AA6}.Release|Any CPU.ActiveCfg = Release|Any CPU
		{EFFDE1FC-C78B-4037-9444-EF9268A78AA6}.Release|Any CPU.Build.0 = Release|Any CPU
		{DF6DEF50-39DA-4C62-8683-2F00086DB374}.Debug|Any CPU.ActiveCfg = Debug|Any CPU
		{DF6DEF50-39DA-4C62-8683-2F00086DB374}.Debug|Any CPU.Build.0 = Debug|Any CPU
		{DF6DEF50-39DA-4C62-8683-2F00086DB374}.Release|Any CPU.ActiveCfg = Release|Any CPU
		{DF6DEF50-39DA-4C62-8683-2F00086DB374}.Release|Any CPU.Build.0 = Release|Any CPU
		{850C2F9F-7972-4B43-A053-86995941FF70}.Debug|Any CPU.ActiveCfg = Debug|Any CPU
		{850C2F9F-7972-4B43-A053-86995941FF70}.Debug|Any CPU.Build.0 = Debug|Any CPU
		{850C2F9F-7972-4B43-A053-86995941FF70}.Release|Any CPU.ActiveCfg = Release|Any CPU
		{850C2F9F-7972-4B43-A053-86995941FF70}.Release|Any CPU.Build.0 = Release|Any CPU
		{4A18E375-6A69-46C5-B775-69BEF307EC2B}.Debug|Any CPU.ActiveCfg = Debug|Any CPU
		{4A18E375-6A69-46C5-B775-69BEF307EC2B}.Debug|Any CPU.Build.0 = Debug|Any CPU
		{4A18E375-6A69-46C5-B775-69BEF307EC2B}.Release|Any CPU.ActiveCfg = Release|Any CPU
		{4A18E375-6A69-46C5-B775-69BEF307EC2B}.Release|Any CPU.Build.0 = Release|Any CPU
		{9F93C27F-96E1-4455-A1F1-1A3F1ABC0F41}.Debug|Any CPU.ActiveCfg = Debug|Any CPU
		{9F93C27F-96E1-4455-A1F1-1A3F1ABC0F41}.Debug|Any CPU.Build.0 = Debug|Any CPU
		{9F93C27F-96E1-4455-A1F1-1A3F1ABC0F41}.Release|Any CPU.ActiveCfg = Release|Any CPU
		{9F93C27F-96E1-4455-A1F1-1A3F1ABC0F41}.Release|Any CPU.Build.0 = Release|Any CPU
		{11E2CC4E-1CA9-4E54-8F7F-9DBB4607F01F}.Debug|Any CPU.ActiveCfg = Debug|Any CPU
		{11E2CC4E-1CA9-4E54-8F7F-9DBB4607F01F}.Debug|Any CPU.Build.0 = Debug|Any CPU
		{11E2CC4E-1CA9-4E54-8F7F-9DBB4607F01F}.Release|Any CPU.ActiveCfg = Release|Any CPU
		{11E2CC4E-1CA9-4E54-8F7F-9DBB4607F01F}.Release|Any CPU.Build.0 = Release|Any CPU
		{A8B8A119-BF04-4D89-A450-2B94071E7F6E}.Debug|Any CPU.ActiveCfg = Debug|Any CPU
		{A8B8A119-BF04-4D89-A450-2B94071E7F6E}.Debug|Any CPU.Build.0 = Debug|Any CPU
		{A8B8A119-BF04-4D89-A450-2B94071E7F6E}.Release|Any CPU.ActiveCfg = Release|Any CPU
		{A8B8A119-BF04-4D89-A450-2B94071E7F6E}.Release|Any CPU.Build.0 = Release|Any CPU
		{B5B33B52-9140-45B4-A974-3831F107538C}.Debug|Any CPU.ActiveCfg = Debug|Any CPU
		{B5B33B52-9140-45B4-A974-3831F107538C}.Debug|Any CPU.Build.0 = Debug|Any CPU
		{B5B33B52-9140-45B4-A974-3831F107538C}.Release|Any CPU.ActiveCfg = Release|Any CPU
		{B5B33B52-9140-45B4-A974-3831F107538C}.Release|Any CPU.Build.0 = Release|Any CPU
		{C21499E0-82C1-4153-B809-043E4E9B660A}.Debug|Any CPU.ActiveCfg = Debug|Any CPU
		{C21499E0-82C1-4153-B809-043E4E9B660A}.Debug|Any CPU.Build.0 = Debug|Any CPU
		{C21499E0-82C1-4153-B809-043E4E9B660A}.Release|Any CPU.ActiveCfg = Release|Any CPU
		{C21499E0-82C1-4153-B809-043E4E9B660A}.Release|Any CPU.Build.0 = Release|Any CPU
		{CE9EEC8F-534C-4411-8B46-471E422BBFE4}.Debug|Any CPU.ActiveCfg = Debug|Any CPU
		{CE9EEC8F-534C-4411-8B46-471E422BBFE4}.Debug|Any CPU.Build.0 = Debug|Any CPU
		{CE9EEC8F-534C-4411-8B46-471E422BBFE4}.Release|Any CPU.ActiveCfg = Release|Any CPU
		{CE9EEC8F-534C-4411-8B46-471E422BBFE4}.Release|Any CPU.Build.0 = Release|Any CPU
		{B7D25857-1460-4651-BACE-447EA8F3A023}.Debug|Any CPU.ActiveCfg = Debug|Any CPU
		{B7D25857-1460-4651-BACE-447EA8F3A023}.Debug|Any CPU.Build.0 = Debug|Any CPU
		{B7D25857-1460-4651-BACE-447EA8F3A023}.Release|Any CPU.ActiveCfg = Release|Any CPU
		{B7D25857-1460-4651-BACE-447EA8F3A023}.Release|Any CPU.Build.0 = Release|Any CPU
		{AFE80488-4105-4276-A10A-64D20C7F0DD5}.Debug|Any CPU.ActiveCfg = Debug|Any CPU
		{AFE80488-4105-4276-A10A-64D20C7F0DD5}.Debug|Any CPU.Build.0 = Debug|Any CPU
		{AFE80488-4105-4276-A10A-64D20C7F0DD5}.Release|Any CPU.ActiveCfg = Release|Any CPU
		{AFE80488-4105-4276-A10A-64D20C7F0DD5}.Release|Any CPU.Build.0 = Release|Any CPU
		{F7C31762-F63B-4361-BDF4-3119B5E5CA91}.Debug|Any CPU.ActiveCfg = Debug|Any CPU
		{F7C31762-F63B-4361-BDF4-3119B5E5CA91}.Debug|Any CPU.Build.0 = Debug|Any CPU
		{F7C31762-F63B-4361-BDF4-3119B5E5CA91}.Release|Any CPU.ActiveCfg = Release|Any CPU
		{F7C31762-F63B-4361-BDF4-3119B5E5CA91}.Release|Any CPU.Build.0 = Release|Any CPU
		{5847E05F-4BB6-4408-9A41-77FDD99AF079}.Debug|Any CPU.ActiveCfg = Debug|Any CPU
		{5847E05F-4BB6-4408-9A41-77FDD99AF079}.Debug|Any CPU.Build.0 = Debug|Any CPU
		{5847E05F-4BB6-4408-9A41-77FDD99AF079}.Release|Any CPU.ActiveCfg = Release|Any CPU
		{5847E05F-4BB6-4408-9A41-77FDD99AF079}.Release|Any CPU.Build.0 = Release|Any CPU
		{7B7AD3E6-3072-4246-B22D-24179090D534}.Debug|Any CPU.ActiveCfg = Debug|Any CPU
		{7B7AD3E6-3072-4246-B22D-24179090D534}.Debug|Any CPU.Build.0 = Debug|Any CPU
		{7B7AD3E6-3072-4246-B22D-24179090D534}.Release|Any CPU.ActiveCfg = Release|Any CPU
		{7B7AD3E6-3072-4246-B22D-24179090D534}.Release|Any CPU.Build.0 = Release|Any CPU
		{3213B442-AA49-48C4-B44C-1FFB9F391CE3}.Debug|Any CPU.ActiveCfg = Debug|Any CPU
		{3213B442-AA49-48C4-B44C-1FFB9F391CE3}.Debug|Any CPU.Build.0 = Debug|Any CPU
		{3213B442-AA49-48C4-B44C-1FFB9F391CE3}.Release|Any CPU.ActiveCfg = Release|Any CPU
		{3213B442-AA49-48C4-B44C-1FFB9F391CE3}.Release|Any CPU.Build.0 = Release|Any CPU
		{14E8C814-651B-49E2-9EDF-19595AEE5D87}.Debug|Any CPU.ActiveCfg = Debug|Any CPU
		{14E8C814-651B-49E2-9EDF-19595AEE5D87}.Debug|Any CPU.Build.0 = Debug|Any CPU
		{14E8C814-651B-49E2-9EDF-19595AEE5D87}.Release|Any CPU.ActiveCfg = Release|Any CPU
		{14E8C814-651B-49E2-9EDF-19595AEE5D87}.Release|Any CPU.Build.0 = Release|Any CPU
		{E65B06BA-3D2D-4E17-9353-CF3538C498A8}.Debug|Any CPU.ActiveCfg = Debug|Any CPU
		{E65B06BA-3D2D-4E17-9353-CF3538C498A8}.Debug|Any CPU.Build.0 = Debug|Any CPU
		{E65B06BA-3D2D-4E17-9353-CF3538C498A8}.Release|Any CPU.ActiveCfg = Release|Any CPU
		{E65B06BA-3D2D-4E17-9353-CF3538C498A8}.Release|Any CPU.Build.0 = Release|Any CPU
		{51AE870F-12A4-40EC-8DFD-6FF839E82257}.Debug|Any CPU.ActiveCfg = Debug|Any CPU
		{51AE870F-12A4-40EC-8DFD-6FF839E82257}.Debug|Any CPU.Build.0 = Debug|Any CPU
		{51AE870F-12A4-40EC-8DFD-6FF839E82257}.Release|Any CPU.ActiveCfg = Release|Any CPU
		{51AE870F-12A4-40EC-8DFD-6FF839E82257}.Release|Any CPU.Build.0 = Release|Any CPU
	EndGlobalSection
	GlobalSection(SolutionProperties) = preSolution
		HideSolutionNode = FALSE
	EndGlobalSection
	GlobalSection(ExtensibilityGlobals) = postSolution
		SolutionGuid = {385A6497-6E21-4189-BD8F-C227549EA145}
	EndGlobalSection
EndGlobal
